{
  "version": "3",
  "packages": {
    "specifiers": {
      "npm:@types/node": "npm:@types/node@18.16.19"
    },
    "npm": {
      "@types/node@18.16.19": {
        "integrity": "sha512-IXl7o+R9iti9eBW4Wg2hx1xQDig183jj7YLn8F7udNceyfkbn1ZxmzZXuak20gR40D7pIkIY1kYGx5VIGbaHKA==",
        "dependencies": {}
      }
    }
  },
  "redirects": {
    "https://esm.sh/@octokit/rest": "https://esm.sh/@octokit/rest@21.0.1",
    "https://esm.sh/@octokit/types": "https://esm.sh/@octokit/types@13.5.0"
  },
  "remote": {
    "https://esm.sh/@octokit/rest@21.0.1": "f46bfa9d68ef9c77b0c65f19523d73f2e1512f0b563920dcdb56ecc099f2ce24",
    "https://esm.sh/v135/@octokit/auth-token@5.1.0/denonext/auth-token.mjs": "24c22015e586d621821b0acb1b5b82d32c95d1813d264ce8fa3f769ba8806e8c",
    "https://esm.sh/v135/@octokit/core@6.1.2/denonext/core.mjs": "2629f0f304f0a8313644ed4ddedbf1c7fbce06e80aadc6f718f6a4b4f401f9d7",
    "https://esm.sh/v135/@octokit/endpoint@10.0.0/denonext/endpoint.mjs": "8d6f16f0b272fc7a20582637a3ffbd29c14f4bf629fafda05c33cf214b0dd716",
    "https://esm.sh/v135/@octokit/endpoint@10.1.0/denonext/endpoint.mjs": "cb307fd4d62518987144d31210f929e67d644c7bcad866cdfde547a528d48e12",
    "https://esm.sh/v135/@octokit/graphql@8.1.0/denonext/graphql.mjs": "a84701c7a52ca92d4b201f7502c3b048bfb3c0be9a131ed04bc736ccab160aba",
    "https://esm.sh/v135/@octokit/plugin-paginate-rest@11.3.3/denonext/plugin-paginate-rest.mjs": "c82a962edb386933cf0a112d972d5349fa50a2a2401ec472f6292dba403ad218",
    "https://esm.sh/v135/@octokit/plugin-request-log@5.3.1/denonext/plugin-request-log.mjs": "f9e3386dbcedf6c635812f004f2681f82402254f091c9753f694eb64790fabfe",
    "https://esm.sh/v135/@octokit/plugin-rest-endpoint-methods@13.2.4/denonext/plugin-rest-endpoint-methods.mjs": "28cb28ddc2367113e9134415a9611be9be6210cdd9f5dc210f3bd9d49f41302d",
    "https://esm.sh/v135/@octokit/request-error@6.0.2/denonext/request-error.mjs": "d25f73ba0f75f4ed9830caa96bffc7e36a73e51c0777caa8f436af3ede1cb116",
    "https://esm.sh/v135/@octokit/request-error@6.1.0/denonext/request-error.mjs": "271a5a47ff4c05bf414443880c68fcc4c75e4da7c0e2caab1a4998fe4b6961b3",
    "https://esm.sh/v135/@octokit/request@9.0.1/denonext/request.mjs": "150c8b8f650bcb2567a3e30906871234b1f449cd3765af418d15e08767bea449",
    "https://esm.sh/v135/@octokit/request@9.1.0/denonext/request.mjs": "cc64353d55ef0f89428c9d752e57adad51e8dc7e03884f6086f8b953f781ae3e",
    "https://esm.sh/v135/@octokit/rest@21.0.1/denonext/rest.mjs": "d9c2ff439438e475c71118f715f3afb62e8b372e7c0a859fddf2e81216b80751",
    "https://esm.sh/v135/before-after-hook@3.0.2/denonext/before-after-hook.mjs": "cf2363bb9be543fadd912087b89d461082fd2ee66a9a3cc81fbeeea11aea8c32",
    "https://esm.sh/v135/universal-user-agent@7.0.2/denonext/universal-user-agent.mjs": "c95431a8f6a7593e78b18ba137d1ae8fb8e2c7ebbcfc55c3d2cf1c9667ae8554"
  }
}
